
Microsoft Visual Studio Solution File, Format Version 12.00
# Visual Studio 15
VisualStudioVersion = 15.0.27130.2027
MinimumVisualStudioVersion = 10.0.40219.1
Project("{888888A0-9F3D-457C-B088-3A5042F75D52}") = "collector", "collector\collector.pyproj", "{4333A4D8-43E8-4BC1-A63E-4E4D376CF463}"
EndProject
Global
	GlobalSection(SolutionConfigurationPlatforms) = preSolution
		Debug|Any CPU = Debug|Any CPU
		Release|Any CPU = Release|Any CPU
	EndGlobalSection
	GlobalSection(ProjectConfigurationPlatforms) = postSolution
		{4333A4D8-43E8-4BC1-A63E-4E4D376CF463}.Debug|Any CPU.ActiveCfg = Debug|Any CPU
		{4333A4D8-43E8-4BC1-A63E-4E4D376CF463}.Release|Any CPU.ActiveCfg = Release|Any CPU
	EndGlobalSection
	GlobalSection(SolutionProperties) = preSolution
		HideSolutionNode = FALSE
	EndGlobalSection
	GlobalSection(ExtensibilityGlobals) = postSolution
		SolutionGuid = {9C426356-2536-4FF1-928E-A4F23E645B62}
	EndGlobalSection
EndGlobal
